// !$*UTF8*$!
{
	archiveVersion = 1;
	classes = {
	};
	objectVersion = 50;
	objects = {

/* Begin PBXBuildFile section */
		F5FEF00C24525B8500B36CE4 /* AppDelegate.swift in Sources */ = {isa = PBXBuildFile; fileRef = F5FEF00B24525B8500B36CE4 /* AppDelegate.swift */; };
		F5FEF00E24525B8500B36CE4 /* SceneDelegate.swift in Sources */ = {isa = PBXBuildFile; fileRef = F5FEF00D24525B8500B36CE4 /* SceneDelegate.swift */; };
		F5FEF01024525B8500B36CE4 /* ViewController.swift in Sources */ = {isa = PBXBuildFile; fileRef = F5FEF00F24525B8500B36CE4 /* ViewController.swift */; };
		F5FEF01324525B8500B36CE4 /* Main.storyboard in Resources */ = {isa = PBXBuildFile; fileRef = F5FEF01124525B8500B36CE4 /* Main.storyboard */; };
		F5FEF01524525B8500B36CE4 /* Assets.xcassets in Resources */ = {isa = PBXBuildFile; fileRef = F5FEF01424525B8500B36CE4 /* Assets.xcassets */; };
		F5FEF01824525B8500B36CE4 /* LaunchScreen.storyboard in Resources */ = {isa = PBXBuildFile; fileRef = F5FEF01624525B8500B36CE4 /* LaunchScreen.storyboard */; };
/* End PBXBuildFile section */

/* Begin PBXFileReference section */
		F5FEF00824525B8500B36CE4 /* havachat.app */ = {isa = PBXFileReference; explicitFileType = wrapper.application; includeInIndex = 0; path = havachat.app; sourceTree = BUILT_PRODUCTS_DIR; };
		F5FEF00B24525B8500B36CE4 /* AppDelegate.swift */ = {isa = PBXFileReference; lastKnownFileType = sourcecode.swift; path = AppDelegate.swift; sourceTree = "<group>"; };
		F5FEF00D24525B8500B36CE4 /* SceneDelegate.swift */ = {isa = PBXFileReference; lastKnownFileType = sourcecode.swift; path = SceneDelegate.swift; sourceTree = "<group>"; };
		F5FEF00F24525B8500B36CE4 /* ViewController.swift */ = {isa = PBXFileReference; lastKnownFileType = sourcecode.swift; path = ViewController.swift; sourceTree = "<group>"; };
		F5FEF01224525B8500B36CE4 /* Base */ = {isa = PBXFileReference; lastKnownFileType = file.storyboard; name = Base; path = Base.lproj/Main.storyboard; sourceTree = "<group>"; };
		F5FEF01424525B8500B36CE4 /* Assets.xcassets */ = {isa = PBXFileReference; lastKnownFileType = folder.assetcatalog; path = Assets.xcassets; sourceTree = "<group>"; };
		F5FEF01724525B8500B36CE4 /* Base */ = {isa = PBXFileReference; lastKnownFileType = file.storyboard; name = Base; path = Base.lproj/LaunchScreen.storyboard; sourceTree = "<group>"; };
		F5FEF01924525B8500B36CE4 /* Info.plist */ = {isa = PBXFileReference; lastKnownFileType = text.plist.xml; path = Info.plist; sourceTree = "<group>"; };
/* End PBXFileReference section */

/* Begin PBXFrameworksBuildPhase section */
		F5FEF00524525B8500B36CE4 /* Frameworks */ = {
			isa = PBXFrameworksBuildPhase;
			buildActionMask = 2147483647;
			files = (
			);
			runOnlyForDeploymentPostprocessing = 0;
		};
/* End PBXFrameworksBuildPhase section */

/* Begin PBXGroup section */
		F5FEEFFF24525B8500B36CE4 = {
			isa = PBXGroup;
			children = (
				F5FEF00A24525B8500B36CE4 /* havachat */,
				F5FEF00924525B8500B36CE4 /* Products */,
			);
			sourceTree = "<group>";
		};
		F5FEF00924525B8500B36CE4 /* Products */ = {
			isa = PBXGroup;
			children = (
				F5FEF00824525B8500B36CE4 /* havachat.app */,
			);
			name = Products;
			sourceTree = "<group>";
		};
		F5FEF00A24525B8500B36CE4 /* havachat */ = {
			isa = PBXGroup;
			children = (
				F5FEF00B24525B8500B36CE4 /* AppDelegate.swift */,
				F5FEF00D24525B8500B36CE4 /* SceneDelegate.swift */,
				F5FEF00F24525B8500B36CE4 /* ViewController.swift */,
				F5FEF01124525B8500B36CE4 /* Main.storyboard */,
				F5FEF01424525B8500B36CE4 /* Assets.xcassets */,
				F5FEF01624525B8500B36CE4 /* LaunchScreen.storyboard */,
				F5FEF01924525B8500B36CE4 /* Info.plist */,
			);
			path = havachat;
			sourceTree = "<group>";
		};
/* End PBXGroup section */

/* Begin PBXNativeTarget section */
		F5FEF00724525B8500B36CE4 /* havachat */ = {
			isa = PBXNativeTarget;
			buildConfigurationList = F5FEF01C24525B8500B36CE4 /* Build configuration list for PBXNativeTarget "havachat" */;
			buildPhases = (
				F5FEF00424525B8500B36CE4 /* Sources */,
				F5FEF00524525B8500B36CE4 /* Frameworks */,
				F5FEF00624525B8500B36CE4 /* Resources */,
			);
			buildRules = (
			);
			dependencies = (
			);
			name = havachat;
			productName = havachat;
			productReference = F5FEF00824525B8500B36CE4 /* havachat.app */;
			productType = "com.apple.product-type.application";
		};
/* End PBXNativeTarget section */

/* Begin PBXProject section */
		F5FEF00024525B8500B36CE4 /* Project object */ = {
			isa = PBXProject;
			attributes = {
				LastSwiftUpdateCheck = 1130;
				LastUpgradeCheck = 1130;
				ORGANIZATIONNAME = "Sean Wells";
				TargetAttributes = {
					F5FEF00724525B8500B36CE4 = {
						CreatedOnToolsVersion = 11.3.1;
					};
				};
			};
			buildConfigurationList = F5FEF00324525B8500B36CE4 /* Build configuration list for PBXProject "havachat" */;
			compatibilityVersion = "Xcode 9.3";
			developmentRegion = en;
			hasScannedForEncodings = 0;
			knownRegions = (
				en,
				Base,
			);
			mainGroup = F5FEEFFF24525B8500B36CE4;
			productRefGroup = F5FEF00924525B8500B36CE4 /* Products */;
			projectDirPath = "";
			projectRoot = "";
			targets = (
				F5FEF00724525B8500B36CE4 /* havachat */,
			);
		};
/* End PBXProject section */

/* Begin PBXResourcesBuildPhase section */
		F5FEF00624525B8500B36CE4 /* Resources */ = {
			isa = PBXResourcesBuildPhase;
			buildActionMask = 2147483647;
			files = (
				F5FEF01824525B8500B36CE4 /* LaunchScreen.storyboard in Resources */,
				F5FEF01524525B8500B36CE4 /* Assets.xcassets in Resources */,
				F5FEF01324525B8500B36CE4 /* Main.storyboard in Resources */,
			);
			runOnlyForDeploymentPostprocessing = 0;
		};
/* End PBXResourcesBuildPhase section */

/* Begin PBXSourcesBuildPhase section */
		F5FEF00424525B8500B36CE4 /* Sources */ = {
			isa = PBXSourcesBuildPhase;
			buildActionMask = 2147483647;
			files = (
				F5FEF01024525B8500B36CE4 /* ViewController.swift in Sources */,
				F5FEF00C24525B8500B36CE4 /* AppDelegate.swift in Sources */,
				F5FEF00E24525B8500B36CE4 /* SceneDelegate.swift in Sources */,
			);
			runOnlyForDeploymentPostprocessing = 0;
		};
/* End PBXSourcesBuildPhase section */

/* Begin PBXVariantGroup section */
		F5FEF01124525B8500B36CE4 /* Main.storyboard */ = {
			isa = PBXVariantGroup;
			children = (
				F5FEF01224525B8500B36CE4 /* Base */,
			);
			name = Main.storyboard;
			sourceTree = "<group>";
		};
		F5FEF01624525B8500B36CE4 /* LaunchScreen.storyboard */ = {
			isa = PBXVariantGroup;
			children = (
				F5FEF01724525B8500B36CE4 /* Base */,
			);
			name = LaunchScreen.storyboard;
			sourceTree = "<group>";
		};
/* End PBXVariantGroup section */

/* Begin XCBuildConfiguration section */
		F5FEF01A24525B8500B36CE4 /* Debug */ = {
			isa = XCBuildConfiguration;
			buildSettings = {
				ALWAYS_SEARCH_USER_PATHS = NO;
				CLANG_ANALYZER_NONNULL = YES;
				CLANG_ANALYZER_NUMBER_OBJECT_CONVERSION = YES_AGGRESSIVE;
				CLANG_CXX_LANGUAGE_STANDARD = "gnu++14";
				CLANG_CXX_LIBRARY = "libc++";
				CLANG_ENABLE_MODULES = YES;
				CLANG_ENABLE_OBJC_ARC = YES;
				CLANG_ENABLE_OBJC_WEAK = YES;
				CLANG_WARN_BLOCK_CAPTURE_AUTORELEASING = YES;
				CLANG_WARN_BOOL_CONVERSION = YES;
				CLANG_WARN_COMMA = YES;
				CLANG_WARN_CONSTANT_CONVERSION = YES;
				CLANG_WARN_DEPRECATED_OBJC_IMPLEMENTATIONS = YES;
				CLANG_WARN_DIRECT_OBJC_ISA_USAGE = YES_ERROR;
				CLANG_WARN_DOCUMENTATION_COMMENTS = YES;
				CLANG_WARN_EMPTY_BODY = YES;
				CLANG_WARN_ENUM_CONVERSION = YES;
				CLANG_WARN_INFINITE_RECURSION = YES;
				CLANG_WARN_INT_CONVERSION = YES;
				CLANG_WARN_NON_LITERAL_NULL_CONVERSION = YES;
				CLANG_WARN_OBJC_IMPLICIT_RETAIN_SELF = YES;
				CLANG_WARN_OBJC_LITERAL_CONVERSION = YES;
				CLANG_WARN_OBJC_ROOT_CLASS = YES_ERROR;
				CLANG_WARN_RANGE_LOOP_ANALYSIS = YES;
				CLANG_WARN_STRICT_PROTOTYPES = YES;
				CLANG_WARN_SUSPICIOUS_MOVE = YES;
				CLANG_WARN_UNGUARDED_AVAILABILITY = YES_AGGRESSIVE;
				CLANG_WARN_UNREACHABLE_CODE = YES;
				CLANG_WARN__DUPLICATE_METHOD_MATCH = YES;
				COPY_PHASE_STRIP = NO;
				DEBUG_INFORMATION_FORMAT = dwarf;
				ENABLE_STRICT_OBJC_MSGSEND = YES;
				ENABLE_TESTABILITY = YES;
				GCC_C_LANGUAGE_STANDARD = gnu11;
				GCC_DYNAMIC_NO_PIC = NO;
				GCC_NO_COMMON_BLOCKS = YES;
				GCC_OPTIMIZATION_LEVEL = 0;
				GCC_PREPROCESSOR_DEFINITIONS = (
					"DEBUG=1",
					"$(inherited)",
				);
				GCC_WARN_64_TO_32_BIT_CONVERSION = YES;
				GCC_WARN_ABOUT_RETURN_TYPE = YES_ERROR;
				GCC_WARN_UNDECLARED_SELECTOR = YES;
				GCC_WARN_UNINITIALIZED_AUTOS = YES_AGGRESSIVE;
				GCC_WARN_UNUSED_FUNCTION = YES;
				GCC_WARN_UNUSED_VARIABLE = YES;
				IPHONEOS_DEPLOYMENT_TARGET = 13.2;
				MTL_ENABLE_DEBUG_INFO = INCLUDE_SOURCE;
				MTL_FAST_MATH = YES;
				ONLY_ACTIVE_ARCH = YES;
				SDKROOT = iphoneos;
				SWIFT_ACTIVE_COMPILATION_CONDITIONS = DEBUG;
				SWIFT_OPTIMIZATION_LEVEL = "-Onone";
			};
			name = Debug;
		};
		F5FEF01B24525B8500B36CE4 /* Release */ = {
			isa = XCBuildConfiguration;
			buildSettings = {
				ALWAYS_SEARCH_USER_PATHS = NO;
				CLANG_ANALYZER_NONNULL = YES;
				CLANG_ANALYZER_NUMBER_OBJECT_CONVERSION = YES_AGGRESSIVE;
				CLANG_CXX_LANGUAGE_STANDARD = "gnu++14";
				CLANG_CXX_LIBRARY = "libc++";
				CLANG_ENABLE_MODULES = YES;
				CLANG_ENABLE_OBJC_ARC = YES;
				CLANG_ENABLE_OBJC_WEAK = YES;
				CLANG_WARN_BLOCK_CAPTURE_AUTORELEASING = YES;
				CLANG_WARN_BOOL_CONVERSION = YES;
				CLANG_WARN_COMMA = YES;
				CLANG_WARN_CONSTANT_CONVERSION = YES;
				CLANG_WARN_DEPRECATED_OBJC_IMPLEMENTATIONS = YES;
				CLANG_WARN_DIRECT_OBJC_ISA_USAGE = YES_ERROR;
				CLANG_WARN_DOCUMENTATION_COMMENTS = YES;
				CLANG_WARN_EMPTY_BODY = YES;
				CLANG_WARN_ENUM_CONVERSION = YES;
				CLANG_WARN_INFINITE_RECURSION = YES;
				CLANG_WARN_INT_CONVERSION = YES;
				CLANG_WARN_NON_LITERAL_NULL_CONVERSION = YES;
				CLANG_WARN_OBJC_IMPLICIT_RETAIN_SELF = YES;
				CLANG_WARN_OBJC_LITERAL_CONVERSION = YES;
				CLANG_WARN_OBJC_ROOT_CLASS = YES_ERROR;
				CLANG_WARN_RANGE_LOOP_ANALYSIS = YES;
				CLANG_WARN_STRICT_PROTOTYPES = YES;
				CLANG_WARN_SUSPICIOUS_MOVE = YES;
				CLANG_WARN_UNGUARDED_AVAILABILITY = YES_AGGRESSIVE;
				CLANG_WARN_UNREACHABLE_CODE = YES;
				CLANG_WARN__DUPLICATE_METHOD_MATCH = YES;
				COPY_PHASE_STRIP = NO;
				DEBUG_INFORMATION_FORMAT = "dwarf-with-dsym";
				ENABLE_NS_ASSERTIONS = NO;
				ENABLE_STRICT_OBJC_MSGSEND = YES;
				GCC_C_LANGUAGE_STANDARD = gnu11;
				GCC_NO_COMMON_BLOCKS = YES;
				GCC_WARN_64_TO_32_BIT_CONVERSION = YES;
				GCC_WARN_ABOUT_RETURN_TYPE = YES_ERROR;
				GCC_WARN_UNDECLARED_SELECTOR = YES;
				GCC_WARN_UNINITIALIZED_AUTOS = YES_AGGRESSIVE;
				GCC_WARN_UNUSED_FUNCTION = YES;
				GCC_WARN_UNUSED_VARIABLE = YES;
				IPHONEOS_DEPLOYMENT_TARGET = 13.2;
				MTL_ENABLE_DEBUG_INFO = NO;
				MTL_FAST_MATH = YES;
				SDKROOT = iphoneos;
				SWIFT_COMPILATION_MODE = wholemodule;
				SWIFT_OPTIMIZATION_LEVEL = "-O";
				VALIDATE_PRODUCT = YES;
			};
			name = Release;
		};
		F5FEF01D24525B8500B36CE4 /* Debug */ = {
			isa = XCBuildConfiguration;
			buildSettings = {
				ASSETCATALOG_COMPILER_APPICON_NAME = AppIcon;
				CODE_SIGN_STYLE = Automatic;
				DEVELOPMENT_TEAM = 69HWWJ284P;
				INFOPLIST_FILE = havachat/Info.plist;
				LD_RUNPATH_SEARCH_PATHS = (
					"$(inherited)",
					"@executable_path/Frameworks",
				);
				PRODUCT_BUNDLE_IDENTIFIER = com.commercebeacon.havachat;
				PRODUCT_NAME = "$(TARGET_NAME)";
				SWIFT_VERSION = 5.0;
				TARGETED_DEVICE_FAMILY = "1,2";
			};
			name = Debug;
		};
		F5FEF01E24525B8500B36CE4 /* Release */ = {
			isa = XCBuildConfiguration;
			buildSettings = {
				ASSETCATALOG_COMPILER_APPICON_NAME = AppIcon;
				CODE_SIGN_STYLE = Automatic;
				DEVELOPMENT_TEAM = 69HWWJ284P;
				INFOPLIST_FILE = havachat/Info.plist;
				LD_RUNPATH_SEARCH_PATHS = (
					"$(inherited)",
					"@executable_path/Frameworks",
				);
				PRODUCT_BUNDLE_IDENTIFIER = com.commercebeacon.havachat;
				PRODUCT_NAME = "$(TARGET_NAME)";
				SWIFT_VERSION = 5.0;
				TARGETED_DEVICE_FAMILY = "1,2";
			};
			name = Release;
		};
/* End XCBuildConfiguration section */

/* Begin XCConfigurationList section */
		F5FEF00324525B8500B36CE4 /* Build configuration list for PBXProject "havachat" */ = {
			isa = XCConfigurationList;
			buildConfigurations = (
				F5FEF01A24525B8500B36CE4 /* Debug */,
				F5FEF01B24525B8500B36CE4 /* Release */,
			);
			defaultConfigurationIsVisible = 0;
			defaultConfigurationName = Release;
		};
		F5FEF01C24525B8500B36CE4 /* Build configuration list for PBXNativeTarget "havachat" */ = {
			isa = XCConfigurationList;
			buildConfigurations = (
				F5FEF01D24525B8500B36CE4 /* Debug */,
				F5FEF01E24525B8500B36CE4 /* Release */,
			);
			defaultConfigurationIsVisible = 0;
			defaultConfigurationName = Release;
		};
/* End XCConfigurationList section */
	};
	rootObject = F5FEF00024525B8500B36CE4 /* Project object */;
}
